
Microsoft Visual Studio Solution File, Format Version 12.00
# Visual Studio Version 16
VisualStudioVersion = 16.0.30413.136
MinimumVisualStudioVersion = 10.0.40219.1
Project("{FAE04EC0-301F-11D3-BF4B-00C04F79EFBC}") = "BEAT", "BEAT\BEAT.csproj", "{3B5AD856-4287-41FE-9DC5-592A72B18893}"
EndProject
Global
	GlobalSection(SolutionConfigurationPlatforms) = preSolution
		Debug|Any CPU = Debug|Any CPU
		Release|Any CPU = Release|Any CPU
	EndGlobalSection
	GlobalSection(ProjectConfigurationPlatforms) = postSolution
		{3B5AD856-4287-41FE-9DC5-592A72B18893}.Debug|Any CPU.ActiveCfg = Debug|Any CPU
		{3B5AD856-4287-41FE-9DC5-592A72B18893}.Debug|Any CPU.Build.0 = Debug|Any CPU
		{3B5AD856-4287-41FE-9DC5-592A72B18893}.Release|Any CPU.ActiveCfg = Release|Any CPU
		{3B5AD856-4287-41FE-9DC5-592A72B18893}.Release|Any CPU.Build.0 = Release|Any CPU
	EndGlobalSection
	GlobalSection(SolutionProperties) = preSolution
		HideSolutionNode = FALSE
	EndGlobalSection
	GlobalSection(ExtensibilityGlobals) = postSolution
		SolutionGuid = {6395E602-0759-4655-B6E1-7F3734467A68}
	EndGlobalSection
EndGlobal
